{
  "meteor": {},
  "dependencies": {
    "basePackages": {
      "animate-css": {}
    },
    "packages": {
      "animate-css": {
        "git": "https://github.com/nate-strauser/meteor-animate-css.git",
        "tag": "v3.1.1",
        "commit": "59ce70b99dff5bc3d1227b789eefa43a761db158"
      }
    }
  }
}
